
Microsoft Visual Studio Solution File, Format Version 12.00
# Visual Studio Version 16
VisualStudioVersion = 16.0.30804.86
MinimumVisualStudioVersion = 10.0.40219.1
Project("{FAE04EC0-301F-11D3-BF4B-00C04F79EFBC}") = "WebLastHope", "WebLastHope\WebLastHope.csproj", "{AE15721E-67AA-4B94-B578-627866A8D5C9}"
EndProject
Global
	GlobalSection(SolutionConfigurationPlatforms) = preSolution
		Debug|Any CPU = Debug|Any CPU
		Release|Any CPU = Release|Any CPU
	EndGlobalSection
	GlobalSection(ProjectConfigurationPlatforms) = postSolution
		{AE15721E-67AA-4B94-B578-627866A8D5C9}.Debug|Any CPU.ActiveCfg = Debug|Any CPU
		{AE15721E-67AA-4B94-B578-627866A8D5C9}.Debug|Any CPU.Build.0 = Debug|Any CPU
		{AE15721E-67AA-4B94-B578-627866A8D5C9}.Release|Any CPU.ActiveCfg = Release|Any CPU
		{AE15721E-67AA-4B94-B578-627866A8D5C9}.Release|Any CPU.Build.0 = Release|Any CPU
	EndGlobalSection
	GlobalSection(SolutionProperties) = preSolution
		HideSolutionNode = FALSE
	EndGlobalSection
	GlobalSection(ExtensibilityGlobals) = postSolution
		SolutionGuid = {60618E4C-6BEC-44FC-966D-BCD0364A64C8}
	EndGlobalSection
EndGlobal
